
Microsoft Visual Studio Solution File, Format Version 12.00
# Visual Studio Version 17
VisualStudioVersion = 17.3.32901.215
MinimumVisualStudioVersion = 10.0.40219.1
Project("{FAE04EC0-301F-11D3-BF4B-00C04F79EFBC}") = "BTL_NET1", "BTL_NET1\BTL_NET1.csproj", "{E01B2BEB-27DE-4503-A89A-7180C6F647D1}"
EndProject
Global
	GlobalSection(SolutionConfigurationPlatforms) = preSolution
		Debug|Any CPU = Debug|Any CPU
		Release|Any CPU = Release|Any CPU
	EndGlobalSection
	GlobalSection(ProjectConfigurationPlatforms) = postSolution
		{E01B2BEB-27DE-4503-A89A-7180C6F647D1}.Debug|Any CPU.ActiveCfg = Debug|Any CPU
		{E01B2BEB-27DE-4503-A89A-7180C6F647D1}.Debug|Any CPU.Build.0 = Debug|Any CPU
		{E01B2BEB-27DE-4503-A89A-7180C6F647D1}.Release|Any CPU.ActiveCfg = Release|Any CPU
		{E01B2BEB-27DE-4503-A89A-7180C6F647D1}.Release|Any CPU.Build.0 = Release|Any CPU
	EndGlobalSection
	GlobalSection(SolutionProperties) = preSolution
		HideSolutionNode = FALSE
	EndGlobalSection
	GlobalSection(ExtensibilityGlobals) = postSolution
		SolutionGuid = {304074A4-A759-4E3D-AC15-06F04981CB7D}
	EndGlobalSection
EndGlobal
